
Microsoft Visual Studio Solution File, Format Version 11.00
# Visual Studio 2010
Project("{FAE04EC0-301F-11D3-BF4B-00C04F79EFBC}") = "GFTP_Platformer", "Assembly-CSharp.csproj", "{9834F295-81A6-2EF3-336A-AADDBCA19FF3}"
EndProject
Project("{FAE04EC0-301F-11D3-BF4B-00C04F79EFBC}") = "GFTP_Platformer", "Assembly-CSharp-firstpass.csproj", "{BAC6CF4E-EAAA-9D4D-101F-26DD5C958ABE}"
EndProject
Project("{FAE04EC0-301F-11D3-BF4B-00C04F79EFBC}") = "GFTP_Platformer", "Assembly-CSharp-Editor-firstpass.csproj", "{5F512A19-0D6C-E023-3664-E297207A52C6}"
EndProject
Project("{FAE04EC0-301F-11D3-BF4B-00C04F79EFBC}") = "GFTP_Platformer", "Assembly-CSharp-Editor.csproj", "{1E03022E-3346-CD1C-7EB6-A111BA02A2F0}"
EndProject
Global
	GlobalSection(SolutionConfigurationPlatforms) = preSolution
		Debug|Any CPU = Debug|Any CPU
		Release|Any CPU = Release|Any CPU
	EndGlobalSection
	GlobalSection(ProjectConfigurationPlatforms) = postSolution
		{9834F295-81A6-2EF3-336A-AADDBCA19FF3}.Debug|Any CPU.ActiveCfg = Debug|Any CPU
		{9834F295-81A6-2EF3-336A-AADDBCA19FF3}.Debug|Any CPU.Build.0 = Debug|Any CPU
		{9834F295-81A6-2EF3-336A-AADDBCA19FF3}.Release|Any CPU.ActiveCfg = Release|Any CPU
		{9834F295-81A6-2EF3-336A-AADDBCA19FF3}.Release|Any CPU.Build.0 = Release|Any CPU
		{BAC6CF4E-EAAA-9D4D-101F-26DD5C958ABE}.Debug|Any CPU.ActiveCfg = Debug|Any CPU
		{BAC6CF4E-EAAA-9D4D-101F-26DD5C958ABE}.Debug|Any CPU.Build.0 = Debug|Any CPU
		{BAC6CF4E-EAAA-9D4D-101F-26DD5C958ABE}.Release|Any CPU.ActiveCfg = Release|Any CPU
		{BAC6CF4E-EAAA-9D4D-101F-26DD5C958ABE}.Release|Any CPU.Build.0 = Release|Any CPU
		{5F512A19-0D6C-E023-3664-E297207A52C6}.Debug|Any CPU.ActiveCfg = Debug|Any CPU
		{5F512A19-0D6C-E023-3664-E297207A52C6}.Debug|Any CPU.Build.0 = Debug|Any CPU
		{5F512A19-0D6C-E023-3664-E297207A52C6}.Release|Any CPU.ActiveCfg = Release|Any CPU
		{5F512A19-0D6C-E023-3664-E297207A52C6}.Release|Any CPU.Build.0 = Release|Any CPU
		{1E03022E-3346-CD1C-7EB6-A111BA02A2F0}.Debug|Any CPU.ActiveCfg = Debug|Any CPU
		{1E03022E-3346-CD1C-7EB6-A111BA02A2F0}.Debug|Any CPU.Build.0 = Debug|Any CPU
		{1E03022E-3346-CD1C-7EB6-A111BA02A2F0}.Release|Any CPU.ActiveCfg = Release|Any CPU
		{1E03022E-3346-CD1C-7EB6-A111BA02A2F0}.Release|Any CPU.Build.0 = Release|Any CPU
	EndGlobalSection
	GlobalSection(SolutionProperties) = preSolution
		HideSolutionNode = FALSE
	EndGlobalSection
	GlobalSection(MonoDevelopProperties) = preSolution
		StartupItem = Assembly-CSharp.csproj
	EndGlobalSection
EndGlobal
